
Microsoft Visual Studio Solution File, Format Version 12.00
# Visual Studio Version 16
VisualStudioVersion = 16.0.30002.166
MinimumVisualStudioVersion = 10.0.40219.1
Project("{FAE04EC0-301F-11D3-BF4B-00C04F79EFBC}") = "Pagination.WebApi", "Pagination.WebApi\Pagination.WebApi.csproj", "{1EC4FC3E-CA96-4D5F-8653-56182C16D8CF}"
EndProject
Global
	GlobalSection(SolutionConfigurationPlatforms) = preSolution
		Debug|Any CPU = Debug|Any CPU
		Release|Any CPU = Release|Any CPU
	EndGlobalSection
	GlobalSection(ProjectConfigurationPlatforms) = postSolution
		{1EC4FC3E-CA96-4D5F-8653-56182C16D8CF}.Debug|Any CPU.ActiveCfg = Debug|Any CPU
		{1EC4FC3E-CA96-4D5F-8653-56182C16D8CF}.Debug|Any CPU.Build.0 = Debug|Any CPU
		{1EC4FC3E-CA96-4D5F-8653-56182C16D8CF}.Release|Any CPU.ActiveCfg = Release|Any CPU
		{1EC4FC3E-CA96-4D5F-8653-56182C16D8CF}.Release|Any CPU.Build.0 = Release|Any CPU
	EndGlobalSection
	GlobalSection(SolutionProperties) = preSolution
		HideSolutionNode = FALSE
	EndGlobalSection
	GlobalSection(ExtensibilityGlobals) = postSolution
		SolutionGuid = {030AF3EA-445C-4EDD-8585-17AD7ACE5993}
	EndGlobalSection
EndGlobal
